
Microsoft Visual Studio Solution File, Format Version 12.00
# Visual Studio Version 16
VisualStudioVersion = 16.0.30114.105
MinimumVisualStudioVersion = 10.0.40219.1
Project("{FAE04EC0-301F-11D3-BF4B-00C04F79EFBC}") = "Assignment1", "Assignment1\Assignment1.csproj", "{037C2177-589D-4501-9977-505FE014CF74}"
EndProject
Project("{FAE04EC0-301F-11D3-BF4B-00C04F79EFBC}") = "Assignment1.Tests", "Assignment1.Tests\Assignment1.Tests.csproj", "{FBFE2D31-CE87-4292-A80C-E648A45E5F66}"
EndProject
Global
	GlobalSection(SolutionConfigurationPlatforms) = preSolution
		Debug|Any CPU = Debug|Any CPU
		Release|Any CPU = Release|Any CPU
	EndGlobalSection
	GlobalSection(SolutionProperties) = preSolution
		HideSolutionNode = FALSE
	EndGlobalSection
	GlobalSection(ProjectConfigurationPlatforms) = postSolution
		{037C2177-589D-4501-9977-505FE014CF74}.Debug|Any CPU.ActiveCfg = Debug|Any CPU
		{037C2177-589D-4501-9977-505FE014CF74}.Debug|Any CPU.Build.0 = Debug|Any CPU
		{037C2177-589D-4501-9977-505FE014CF74}.Release|Any CPU.ActiveCfg = Release|Any CPU
		{037C2177-589D-4501-9977-505FE014CF74}.Release|Any CPU.Build.0 = Release|Any CPU
		{FBFE2D31-CE87-4292-A80C-E648A45E5F66}.Debug|Any CPU.ActiveCfg = Debug|Any CPU
		{FBFE2D31-CE87-4292-A80C-E648A45E5F66}.Debug|Any CPU.Build.0 = Debug|Any CPU
		{FBFE2D31-CE87-4292-A80C-E648A45E5F66}.Release|Any CPU.ActiveCfg = Release|Any CPU
		{FBFE2D31-CE87-4292-A80C-E648A45E5F66}.Release|Any CPU.Build.0 = Release|Any CPU
	EndGlobalSection
EndGlobal
